// !$*UTF8*$!
{
	archiveVersion = 1;
	classes = {
	};
	objectVersion = 46;
	objects = {

/* Begin PBXBuildFile section */
		0416768119ADDB5E004806F1 /* Foundation.framework in Frameworks */ = {isa = PBXBuildFile; fileRef = 0416768019ADDB5E004806F1 /* Foundation.framework */; };
		0416768319ADDB5E004806F1 /* CoreGraphics.framework in Frameworks */ = {isa = PBXBuildFile; fileRef = 0416768219ADDB5E004806F1 /* CoreGraphics.framework */; };
		0416768519ADDB5E004806F1 /* UIKit.framework in Frameworks */ = {isa = PBXBuildFile; fileRef = 0416768419ADDB5E004806F1 /* UIKit.framework */; };
		0416768B19ADDB5E004806F1 /* InfoPlist.strings in Resources */ = {isa = PBXBuildFile; fileRef = 0416768919ADDB5E004806F1 /* InfoPlist.strings */; };
		0416768D19ADDB5E004806F1 /* main.m in Sources */ = {isa = PBXBuildFile; fileRef = 0416768C19ADDB5E004806F1 /* main.m */; };
		0416769119ADDB5E004806F1 /* AppDelegate.m in Sources */ = {isa = PBXBuildFile; fileRef = 0416769019ADDB5E004806F1 /* AppDelegate.m */; };
		0416769419ADDB5E004806F1 /* Main.storyboard in Resources */ = {isa = PBXBuildFile; fileRef = 0416769219ADDB5E004806F1 /* Main.storyboard */; };
		0416769719ADDB5E004806F1 /* ViewController.m in Sources */ = {isa = PBXBuildFile; fileRef = 0416769619ADDB5E004806F1 /* ViewController.m */; };
		0416769919ADDB5E004806F1 /* Images.xcassets in Resources */ = {isa = PBXBuildFile; fileRef = 0416769819ADDB5E004806F1 /* Images.xcassets */; };
		041676A019ADDB5E004806F1 /* XCTest.framework in Frameworks */ = {isa = PBXBuildFile; fileRef = 0416769F19ADDB5E004806F1 /* XCTest.framework */; };
		041676A119ADDB5E004806F1 /* Foundation.framework in Frameworks */ = {isa = PBXBuildFile; fileRef = 0416768019ADDB5E004806F1 /* Foundation.framework */; };
		041676A219ADDB5E004806F1 /* UIKit.framework in Frameworks */ = {isa = PBXBuildFile; fileRef = 0416768419ADDB5E004806F1 /* UIKit.framework */; };
		041676AA19ADDB5E004806F1 /* InfoPlist.strings in Resources */ = {isa = PBXBuildFile; fileRef = 041676A819ADDB5E004806F1 /* InfoPlist.strings */; };
		041676AC19ADDB5E004806F1 /* ProgressViewCustomDemoTests.m in Sources */ = {isa = PBXBuildFile; fileRef = 041676AB19ADDB5E004806F1 /* ProgressViewCustomDemoTests.m */; };
		041676B719ADDC62004806F1 /* CustomProgressView.m in Sources */ = {isa = PBXBuildFile; fileRef = 041676B619ADDC62004806F1 /* CustomProgressView.m */; };
		041676BB19ADDFE4004806F1 /* progress.png in Resources */ = {isa = PBXBuildFile; fileRef = 041676B919ADDFE4004806F1 /* progress.png */; };
		041676BC19ADDFE4004806F1 /* track.png in Resources */ = {isa = PBXBuildFile; fileRef = 041676BA19ADDFE4004806F1 /* track.png */; };
/* End PBXBuildFile section */

/* Begin PBXContainerItemProxy section */
		041676A319ADDB5E004806F1 /* PBXContainerItemProxy */ = {
			isa = PBXContainerItemProxy;
			containerPortal = 0416767519ADDB5E004806F1 /* Project object */;
			proxyType = 1;
			remoteGlobalIDString = 0416767C19ADDB5E004806F1;
			remoteInfo = ProgressViewCustomDemo;
		};
/* End PBXContainerItemProxy section */

/* Begin PBXFileReference section */
		0416767D19ADDB5E004806F1 /* ProgressViewCustomDemo.app */ = {isa = PBXFileReference; explicitFileType = wrapper.application; includeInIndex = 0; path = ProgressViewCustomDemo.app; sourceTree = BUILT_PRODUCTS_DIR; };
		0416768019ADDB5E004806F1 /* Foundation.framework */ = {isa = PBXFileReference; lastKnownFileType = wrapper.framework; name = Foundation.framework; path = System/Library/Frameworks/Foundation.framework; sourceTree = SDKROOT; };
		0416768219ADDB5E004806F1 /* CoreGraphics.framework */ = {isa = PBXFileReference; lastKnownFileType = wrapper.framework; name = CoreGraphics.framework; path = System/Library/Frameworks/CoreGraphics.framework; sourceTree = SDKROOT; };
		0416768419ADDB5E004806F1 /* UIKit.framework */ = {isa = PBXFileReference; lastKnownFileType = wrapper.framework; name = UIKit.framework; path = System/Library/Frameworks/UIKit.framework; sourceTree = SDKROOT; };
		0416768819ADDB5E004806F1 /* ProgressViewCustomDemo-Info.plist */ = {isa = PBXFileReference; lastKnownFileType = text.plist.xml; path = "ProgressViewCustomDemo-Info.plist"; sourceTree = "<group>"; };
		0416768A19ADDB5E004806F1 /* en */ = {isa = PBXFileReference; lastKnownFileType = text.plist.strings; name = en; path = en.lproj/InfoPlist.strings; sourceTree = "<group>"; };
		0416768C19ADDB5E004806F1 /* main.m */ = {isa = PBXFileReference; lastKnownFileType = sourcecode.c.objc; path = main.m; sourceTree = "<group>"; };
		0416768E19ADDB5E004806F1 /* ProgressViewCustomDemo-Prefix.pch */ = {isa = PBXFileReference; lastKnownFileType = sourcecode.c.h; path = "ProgressViewCustomDemo-Prefix.pch"; sourceTree = "<group>"; };
		0416768F19ADDB5E004806F1 /* AppDelegate.h */ = {isa = PBXFileReference; lastKnownFileType = sourcecode.c.h; path = AppDelegate.h; sourceTree = "<group>"; };
		0416769019ADDB5E004806F1 /* AppDelegate.m */ = {isa = PBXFileReference; lastKnownFileType = sourcecode.c.objc; path = AppDelegate.m; sourceTree = "<group>"; };
		0416769319ADDB5E004806F1 /* Base */ = {isa = PBXFileReference; lastKnownFileType = file.storyboard; name = Base; path = Base.lproj/Main.storyboard; sourceTree = "<group>"; };
		0416769519ADDB5E004806F1 /* ViewController.h */ = {isa = PBXFileReference; lastKnownFileType = sourcecode.c.h; path = ViewController.h; sourceTree = "<group>"; };
		0416769619ADDB5E004806F1 /* ViewController.m */ = {isa = PBXFileReference; lastKnownFileType = sourcecode.c.objc; path = ViewController.m; sourceTree = "<group>"; };
		0416769819ADDB5E004806F1 /* Images.xcassets */ = {isa = PBXFileReference; lastKnownFileType = folder.assetcatalog; path = Images.xcassets; sourceTree = "<group>"; };
		0416769E19ADDB5E004806F1 /* ProgressViewCustomDemoTests.xctest */ = {isa = PBXFileReference; explicitFileType = wrapper.cfbundle; includeInIndex = 0; path = ProgressViewCustomDemoTests.xctest; sourceTree = BUILT_PRODUCTS_DIR; };
		0416769F19ADDB5E004806F1 /* XCTest.framework */ = {isa = PBXFileReference; lastKnownFileType = wrapper.framework; name = XCTest.framework; path = Library/Frameworks/XCTest.framework; sourceTree = DEVELOPER_DIR; };
		041676A719ADDB5E004806F1 /* ProgressViewCustomDemoTests-Info.plist */ = {isa = PBXFileReference; lastKnownFileType = text.plist.xml; path = "ProgressViewCustomDemoTests-Info.plist"; sourceTree = "<group>"; };
		041676A919ADDB5E004806F1 /* en */ = {isa = PBXFileReference; lastKnownFileType = text.plist.strings; name = en; path = en.lproj/InfoPlist.strings; sourceTree = "<group>"; };
		041676AB19ADDB5E004806F1 /* ProgressViewCustomDemoTests.m */ = {isa = PBXFileReference; lastKnownFileType = sourcecode.c.objc; path = ProgressViewCustomDemoTests.m; sourceTree = "<group>"; };
		041676B519ADDC62004806F1 /* CustomProgressView.h */ = {isa = PBXFileReference; fileEncoding = 4; lastKnownFileType = sourcecode.c.h; path = CustomProgressView.h; sourceTree = "<group>"; };
		041676B619ADDC62004806F1 /* CustomProgressView.m */ = {isa = PBXFileReference; fileEncoding = 4; lastKnownFileType = sourcecode.c.objc; path = CustomProgressView.m; sourceTree = "<group>"; };
		041676B919ADDFE4004806F1 /* progress.png */ = {isa = PBXFileReference; lastKnownFileType = image.png; path = progress.png; sourceTree = "<group>"; };
		041676BA19ADDFE4004806F1 /* track.png */ = {isa = PBXFileReference; lastKnownFileType = image.png; path = track.png; sourceTree = "<group>"; };
/* End PBXFileReference section */

/* Begin PBXFrameworksBuildPhase section */
		0416767A19ADDB5E004806F1 /* Frameworks */ = {
			isa = PBXFrameworksBuildPhase;
			buildActionMask = 2147483647;
			files = (
				0416768319ADDB5E004806F1 /* CoreGraphics.framework in Frameworks */,
				0416768519ADDB5E004806F1 /* UIKit.framework in Frameworks */,
				0416768119ADDB5E004806F1 /* Foundation.framework in Frameworks */,
			);
			runOnlyForDeploymentPostprocessing = 0;
		};
		0416769B19ADDB5E004806F1 /* Frameworks */ = {
			isa = PBXFrameworksBuildPhase;
			buildActionMask = 2147483647;
			files = (
				041676A019ADDB5E004806F1 /* XCTest.framework in Frameworks */,
				041676A219ADDB5E004806F1 /* UIKit.framework in Frameworks */,
				041676A119ADDB5E004806F1 /* Foundation.framework in Frameworks */,
			);
			runOnlyForDeploymentPostprocessing = 0;
		};
/* End PBXFrameworksBuildPhase section */

/* Begin PBXGroup section */
		0416767419ADDB5E004806F1 = {
			isa = PBXGroup;
			children = (
				0416768619ADDB5E004806F1 /* ProgressViewCustomDemo */,
				041676A519ADDB5E004806F1 /* ProgressViewCustomDemoTests */,
				0416767F19ADDB5E004806F1 /* Frameworks */,
				0416767E19ADDB5E004806F1 /* Products */,
			);
			sourceTree = "<group>";
		};
		0416767E19ADDB5E004806F1 /* Products */ = {
			isa = PBXGroup;
			children = (
				0416767D19ADDB5E004806F1 /* ProgressViewCustomDemo.app */,
				0416769E19ADDB5E004806F1 /* ProgressViewCustomDemoTests.xctest */,
			);
			name = Products;
			sourceTree = "<group>";
		};
		0416767F19ADDB5E004806F1 /* Frameworks */ = {
			isa = PBXGroup;
			children = (
				0416768019ADDB5E004806F1 /* Foundation.framework */,
				0416768219ADDB5E004806F1 /* CoreGraphics.framework */,
				0416768419ADDB5E004806F1 /* UIKit.framework */,
				0416769F19ADDB5E004806F1 /* XCTest.framework */,
			);
			name = Frameworks;
			sourceTree = "<group>";
		};
		0416768619ADDB5E004806F1 /* ProgressViewCustomDemo */ = {
			isa = PBXGroup;
			children = (
				041676B819ADDFE4004806F1 /* image */,
				0416768F19ADDB5E004806F1 /* AppDelegate.h */,
				0416769019ADDB5E004806F1 /* AppDelegate.m */,
				0416769219ADDB5E004806F1 /* Main.storyboard */,
				0416769519ADDB5E004806F1 /* ViewController.h */,
				0416769619ADDB5E004806F1 /* ViewController.m */,
				041676B519ADDC62004806F1 /* CustomProgressView.h */,
				041676B619ADDC62004806F1 /* CustomProgressView.m */,
				0416769819ADDB5E004806F1 /* Images.xcassets */,
				0416768719ADDB5E004806F1 /* Supporting Files */,
			);
			path = ProgressViewCustomDemo;
			sourceTree = "<group>";
		};
		0416768719ADDB5E004806F1 /* Supporting Files */ = {
			isa = PBXGroup;
			children = (
				0416768819ADDB5E004806F1 /* ProgressViewCustomDemo-Info.plist */,
				0416768919ADDB5E004806F1 /* InfoPlist.strings */,
				0416768C19ADDB5E004806F1 /* main.m */,
				0416768E19ADDB5E004806F1 /* ProgressViewCustomDemo-Prefix.pch */,
			);
			name = "Supporting Files";
			sourceTree = "<group>";
		};
		041676A519ADDB5E004806F1 /* ProgressViewCustomDemoTests */ = {
			isa = PBXGroup;
			children = (
				041676AB19ADDB5E004806F1 /* ProgressViewCustomDemoTests.m */,
				041676A619ADDB5E004806F1 /* Supporting Files */,
			);
			path = ProgressViewCustomDemoTests;
			sourceTree = "<group>";
		};
		041676A619ADDB5E004806F1 /* Supporting Files */ = {
			isa = PBXGroup;
			children = (
				041676A719ADDB5E004806F1 /* ProgressViewCustomDemoTests-Info.plist */,
				041676A819ADDB5E004806F1 /* InfoPlist.strings */,
			);
			name = "Supporting Files";
			sourceTree = "<group>";
		};
		041676B819ADDFE4004806F1 /* image */ = {
			isa = PBXGroup;
			children = (
				041676B919ADDFE4004806F1 /* progress.png */,
				041676BA19ADDFE4004806F1 /* track.png */,
			);
			path = image;
			sourceTree = "<group>";
		};
/* End PBXGroup section */

/* Begin PBXNativeTarget section */
		0416767C19ADDB5E004806F1 /* ProgressViewCustomDemo */ = {
			isa = PBXNativeTarget;
			buildConfigurationList = 041676AF19ADDB5E004806F1 /* Build configuration list for PBXNativeTarget "ProgressViewCustomDemo" */;
			buildPhases = (
				0416767919ADDB5E004806F1 /* Sources */,
				0416767A19ADDB5E004806F1 /* Frameworks */,
				0416767B19ADDB5E004806F1 /* Resources */,
			);
			buildRules = (
			);
			dependencies = (
			);
			name = ProgressViewCustomDemo;
			productName = ProgressViewCustomDemo;
			productReference = 0416767D19ADDB5E004806F1 /* ProgressViewCustomDemo.app */;
			productType = "com.apple.product-type.application";
		};
		0416769D19ADDB5E004806F1 /* ProgressViewCustomDemoTests */ = {
			isa = PBXNativeTarget;
			buildConfigurationList = 041676B219ADDB5E004806F1 /* Build configuration list for PBXNativeTarget "ProgressViewCustomDemoTests" */;
			buildPhases = (
				0416769A19ADDB5E004806F1 /* Sources */,
				0416769B19ADDB5E004806F1 /* Frameworks */,
				0416769C19ADDB5E004806F1 /* Resources */,
			);
			buildRules = (
			);
			dependencies = (
				041676A419ADDB5E004806F1 /* PBXTargetDependency */,
			);
			name = ProgressViewCustomDemoTests;
			productName = ProgressViewCustomDemoTests;
			productReference = 0416769E19ADDB5E004806F1 /* ProgressViewCustomDemoTests.xctest */;
			productType = "com.apple.product-type.bundle.unit-test";
		};
/* End PBXNativeTarget section */

/* Begin PBXProject section */
		0416767519ADDB5E004806F1 /* Project object */ = {
			isa = PBXProject;
			attributes = {
				LastUpgradeCheck = 0500;
				ORGANIZATIONNAME = "zhang jian";
				TargetAttributes = {
					0416769D19ADDB5E004806F1 = {
						TestTargetID = 0416767C19ADDB5E004806F1;
					};
				};
			};
			buildConfigurationList = 0416767819ADDB5E004806F1 /* Build configuration list for PBXProject "ProgressViewCustomDemo" */;
			compatibilityVersion = "Xcode 3.2";
			developmentRegion = English;
			hasScannedForEncodings = 0;
			knownRegions = (
				en,
				Base,
			);
			mainGroup = 0416767419ADDB5E004806F1;
			productRefGroup = 0416767E19ADDB5E004806F1 /* Products */;
			projectDirPath = "";
			projectRoot = "";
			targets = (
				0416767C19ADDB5E004806F1 /* ProgressViewCustomDemo */,
				0416769D19ADDB5E004806F1 /* ProgressViewCustomDemoTests */,
			);
		};
/* End PBXProject section */

/* Begin PBXResourcesBuildPhase section */
		0416767B19ADDB5E004806F1 /* Resources */ = {
			isa = PBXResourcesBuildPhase;
			buildActionMask = 2147483647;
			files = (
				041676BB19ADDFE4004806F1 /* progress.png in Resources */,
				0416769919ADDB5E004806F1 /* Images.xcassets in Resources */,
				041676BC19ADDFE4004806F1 /* track.png in Resources */,
				0416768B19ADDB5E004806F1 /* InfoPlist.strings in Resources */,
				0416769419ADDB5E004806F1 /* Main.storyboard in Resources */,
			);
			runOnlyForDeploymentPostprocessing = 0;
		};
		0416769C19ADDB5E004806F1 /* Resources */ = {
			isa = PBXResourcesBuildPhase;
			buildActionMask = 2147483647;
			files = (
				041676AA19ADDB5E004806F1 /* InfoPlist.strings in Resources */,
			);
			runOnlyForDeploymentPostprocessing = 0;
		};
/* End PBXResourcesBuildPhase section */

/* Begin PBXSourcesBuildPhase section */
		0416767919ADDB5E004806F1 /* Sources */ = {
			isa = PBXSourcesBuildPhase;
			buildActionMask = 2147483647;
			files = (
				0416769719ADDB5E004806F1 /* ViewController.m in Sources */,
				0416769119ADDB5E004806F1 /* AppDelegate.m in Sources */,
				041676B719ADDC62004806F1 /* CustomProgressView.m in Sources */,
				0416768D19ADDB5E004806F1 /* main.m in Sources */,
			);
			runOnlyForDeploymentPostprocessing = 0;
		};
		0416769A19ADDB5E004806F1 /* Sources */ = {
			isa = PBXSourcesBuildPhase;
			buildActionMask = 2147483647;
			files = (
				041676AC19ADDB5E004806F1 /* ProgressViewCustomDemoTests.m in Sources */,
			);
			runOnlyForDeploymentPostprocessing = 0;
		};
/* End PBXSourcesBuildPhase section */

/* Begin PBXTargetDependency section */
		041676A419ADDB5E004806F1 /* PBXTargetDependency */ = {
			isa = PBXTargetDependency;
			target = 0416767C19ADDB5E004806F1 /* ProgressViewCustomDemo */;
			targetProxy = 041676A319ADDB5E004806F1 /* PBXContainerItemProxy */;
		};
/* End PBXTargetDependency section */

/* Begin PBXVariantGroup section */
		0416768919ADDB5E004806F1 /* InfoPlist.strings */ = {
			isa = PBXVariantGroup;
			children = (
				0416768A19ADDB5E004806F1 /* en */,
			);
			name = InfoPlist.strings;
			sourceTree = "<group>";
		};
		0416769219ADDB5E004806F1 /* Main.storyboard */ = {
			isa = PBXVariantGroup;
			children = (
				0416769319ADDB5E004806F1 /* Base */,
			);
			name = Main.storyboard;
			sourceTree = "<group>";
		};
		041676A819ADDB5E004806F1 /* InfoPlist.strings */ = {
			isa = PBXVariantGroup;
			children = (
				041676A919ADDB5E004806F1 /* en */,
			);
			name = InfoPlist.strings;
			sourceTree = "<group>";
		};
/* End PBXVariantGroup section */

/* Begin XCBuildConfiguration section */
		041676AD19ADDB5E004806F1 /* Debug */ = {
			isa = XCBuildConfiguration;
			buildSettings = {
				ALWAYS_SEARCH_USER_PATHS = NO;
				ARCHS = "$(ARCHS_STANDARD_INCLUDING_64_BIT)";
				CLANG_CXX_LANGUAGE_STANDARD = "gnu++0x";
				CLANG_CXX_LIBRARY = "libc++";
				CLANG_ENABLE_MODULES = YES;
				CLANG_ENABLE_OBJC_ARC = YES;
				CLANG_WARN_BOOL_CONVERSION = YES;
				CLANG_WARN_CONSTANT_CONVERSION = YES;
				CLANG_WARN_DIRECT_OBJC_ISA_USAGE = YES_ERROR;
				CLANG_WARN_EMPTY_BODY = YES;
				CLANG_WARN_ENUM_CONVERSION = YES;
				CLANG_WARN_INT_CONVERSION = YES;
				CLANG_WARN_OBJC_ROOT_CLASS = YES_ERROR;
				CLANG_WARN__DUPLICATE_METHOD_MATCH = YES;
				"CODE_SIGN_IDENTITY[sdk=iphoneos*]" = "iPhone Developer";
				COPY_PHASE_STRIP = NO;
				GCC_C_LANGUAGE_STANDARD = gnu99;
				GCC_DYNAMIC_NO_PIC = NO;
				GCC_OPTIMIZATION_LEVEL = 0;
				GCC_PREPROCESSOR_DEFINITIONS = (
					"DEBUG=1",
					"$(inherited)",
				);
				GCC_SYMBOLS_PRIVATE_EXTERN = NO;
				GCC_WARN_64_TO_32_BIT_CONVERSION = YES;
				GCC_WARN_ABOUT_RETURN_TYPE = YES_ERROR;
				GCC_WARN_UNDECLARED_SELECTOR = YES;
				GCC_WARN_UNINITIALIZED_AUTOS = YES;
				GCC_WARN_UNUSED_FUNCTION = YES;
				GCC_WARN_UNUSED_VARIABLE = YES;
				IPHONEOS_DEPLOYMENT_TARGET = 7.0;
				ONLY_ACTIVE_ARCH = YES;
				SDKROOT = iphoneos;
			};
			name = Debug;
		};
		041676AE19ADDB5E004806F1 /* Release */ = {
			isa = XCBuildConfiguration;
			buildSettings = {
				ALWAYS_SEARCH_USER_PATHS = NO;
				ARCHS = "$(ARCHS_STANDARD_INCLUDING_64_BIT)";
				CLANG_CXX_LANGUAGE_STANDARD = "gnu++0x";
				CLANG_CXX_LIBRARY = "libc++";
				CLANG_ENABLE_MODULES = YES;
				CLANG_ENABLE_OBJC_ARC = YES;
				CLANG_WARN_BOOL_CONVERSION = YES;
				CLANG_WARN_CONSTANT_CONVERSION = YES;
				CLANG_WARN_DIRECT_OBJC_ISA_USAGE = YES_ERROR;
				CLANG_WARN_EMPTY_BODY = YES;
				CLANG_WARN_ENUM_CONVERSION = YES;
				CLANG_WARN_INT_CONVERSION = YES;
				CLANG_WARN_OBJC_ROOT_CLASS = YES_ERROR;
				CLANG_WARN__DUPLICATE_METHOD_MATCH = YES;
				"CODE_SIGN_IDENTITY[sdk=iphoneos*]" = "iPhone Developer";
				COPY_PHASE_STRIP = YES;
				ENABLE_NS_ASSERTIONS = NO;
				GCC_C_LANGUAGE_STANDARD = gnu99;
				GCC_WARN_64_TO_32_BIT_CONVERSION = YES;
				GCC_WARN_ABOUT_RETURN_TYPE = YES_ERROR;
				GCC_WARN_UNDECLARED_SELECTOR = YES;
				GCC_WARN_UNINITIALIZED_AUTOS = YES;
				GCC_WARN_UNUSED_FUNCTION = YES;
				GCC_WARN_UNUSED_VARIABLE = YES;
				IPHONEOS_DEPLOYMENT_TARGET = 7.0;
				SDKROOT = iphoneos;
				VALIDATE_PRODUCT = YES;
			};
			name = Release;
		};
		041676B019ADDB5E004806F1 /* Debug */ = {
			isa = XCBuildConfiguration;
			buildSettings = {
				ASSETCATALOG_COMPILER_APPICON_NAME = AppIcon;
				ASSETCATALOG_COMPILER_LAUNCHIMAGE_NAME = LaunchImage;
				GCC_PRECOMPILE_PREFIX_HEADER = YES;
				GCC_PREFIX_HEADER = "ProgressViewCustomDemo/ProgressViewCustomDemo-Prefix.pch";
				INFOPLIST_FILE = "ProgressViewCustomDemo/ProgressViewCustomDemo-Info.plist";
				PRODUCT_NAME = "$(TARGET_NAME)";
				WRAPPER_EXTENSION = app;
			};
			name = Debug;
		};
		041676B119ADDB5E004806F1 /* Release */ = {
			isa = XCBuildConfiguration;
			buildSettings = {
				ASSETCATALOG_COMPILER_APPICON_NAME = AppIcon;
				ASSETCATALOG_COMPILER_LAUNCHIMAGE_NAME = LaunchImage;
				GCC_PRECOMPILE_PREFIX_HEADER = YES;
				GCC_PREFIX_HEADER = "ProgressViewCustomDemo/ProgressViewCustomDemo-Prefix.pch";
				INFOPLIST_FILE = "ProgressViewCustomDemo/ProgressViewCustomDemo-Info.plist";
				PRODUCT_NAME = "$(TARGET_NAME)";
				WRAPPER_EXTENSION = app;
			};
			name = Release;
		};
		041676B319ADDB5E004806F1 /* Debug */ = {
			isa = XCBuildConfiguration;
			buildSettings = {
				ARCHS = "$(ARCHS_STANDARD_INCLUDING_64_BIT)";
				BUNDLE_LOADER = "$(BUILT_PRODUCTS_DIR)/ProgressViewCustomDemo.app/ProgressViewCustomDemo";
				FRAMEWORK_SEARCH_PATHS = (
					"$(SDKROOT)/Developer/Library/Frameworks",
					"$(inherited)",
					"$(DEVELOPER_FRAMEWORKS_DIR)",
				);
				GCC_PRECOMPILE_PREFIX_HEADER = YES;
				GCC_PREFIX_HEADER = "ProgressViewCustomDemo/ProgressViewCustomDemo-Prefix.pch";
				GCC_PREPROCESSOR_DEFINITIONS = (
					"DEBUG=1",
					"$(inherited)",
				);
				INFOPLIST_FILE = "ProgressViewCustomDemoTests/ProgressViewCustomDemoTests-Info.plist";
				PRODUCT_NAME = "$(TARGET_NAME)";
				TEST_HOST = "$(BUNDLE_LOADER)";
				WRAPPER_EXTENSION = xctest;
			};
			name = Debug;
		};
		041676B419ADDB5E004806F1 /* Release */ = {
			isa = XCBuildConfiguration;
			buildSettings = {
				ARCHS = "$(ARCHS_STANDARD_INCLUDING_64_BIT)";
				BUNDLE_LOADER = "$(BUILT_PRODUCTS_DIR)/ProgressViewCustomDemo.app/ProgressViewCustomDemo";
				FRAMEWORK_SEARCH_PATHS = (
					"$(SDKROOT)/Developer/Library/Frameworks",
					"$(inherited)",
					"$(DEVELOPER_FRAMEWORKS_DIR)",
				);
				GCC_PRECOMPILE_PREFIX_HEADER = YES;
				GCC_PREFIX_HEADER = "ProgressViewCustomDemo/ProgressViewCustomDemo-Prefix.pch";
				INFOPLIST_FILE = "ProgressViewCustomDemoTests/ProgressViewCustomDemoTests-Info.plist";
				PRODUCT_NAME = "$(TARGET_NAME)";
				TEST_HOST = "$(BUNDLE_LOADER)";
				WRAPPER_EXTENSION = xctest;
			};
			name = Release;
		};
/* End XCBuildConfiguration section */

/* Begin XCConfigurationList section */
		0416767819ADDB5E004806F1 /* Build configuration list for PBXProject "ProgressViewCustomDemo" */ = {
			isa = XCConfigurationList;
			buildConfigurations = (
				041676AD19ADDB5E004806F1 /* Debug */,
				041676AE19ADDB5E004806F1 /* Release */,
			);
			defaultConfigurationIsVisible = 0;
			defaultConfigurationName = Release;
		};
		041676AF19ADDB5E004806F1 /* Build configuration list for PBXNativeTarget "ProgressViewCustomDemo" */ = {
			isa = XCConfigurationList;
			buildConfigurations = (
				041676B019ADDB5E004806F1 /* Debug */,
				041676B119ADDB5E004806F1 /* Release */,
			);
			defaultConfigurationIsVisible = 0;
		};
		041676B219ADDB5E004806F1 /* Build configuration list for PBXNativeTarget "ProgressViewCustomDemoTests" */ = {
			isa = XCConfigurationList;
			buildConfigurations = (
				041676B319ADDB5E004806F1 /* Debug */,
				041676B419ADDB5E004806F1 /* Release */,
			);
			defaultConfigurationIsVisible = 0;
		};
/* End XCConfigurationList section */
	};
	rootObject = 0416767519ADDB5E004806F1 /* Project object */;
}
